// !$*UTF8*$!
{
	archiveVersion = 1;
	classes = {
	};
	objectVersion = 50;
	objects = {

/* Begin PBXBuildFile section */
		D0A1E37F21478374000F224C /* AppDelegate.swift in Sources */ = {isa = PBXBuildFile; fileRef = D0A1E37E21478374000F224C /* AppDelegate.swift */; };
		D0A1E38121478374000F224C /* ViewController.swift in Sources */ = {isa = PBXBuildFile; fileRef = D0A1E38021478374000F224C /* ViewController.swift */; };
		D0A1E38421478374000F224C /* Main.storyboard in Resources */ = {isa = PBXBuildFile; fileRef = D0A1E38221478374000F224C /* Main.storyboard */; };
		D0A1E38721478374000F224C /* NorthEastSouthWest.xcdatamodeld in Sources */ = {isa = PBXBuildFile; fileRef = D0A1E38521478374000F224C /* NorthEastSouthWest.xcdatamodeld */; };
		D0A1E38921478375000F224C /* Assets.xcassets in Resources */ = {isa = PBXBuildFile; fileRef = D0A1E38821478375000F224C /* Assets.xcassets */; };
		D0A1E38C21478375000F224C /* LaunchScreen.storyboard in Resources */ = {isa = PBXBuildFile; fileRef = D0A1E38A21478375000F224C /* LaunchScreen.storyboard */; };
		D0A1E3942147849B000F224C /* SecondVC.swift in Sources */ = {isa = PBXBuildFile; fileRef = D0A1E3932147849B000F224C /* SecondVC.swift */; };
/* End PBXBuildFile section */

/* Begin PBXFileReference section */
		D0A1E37B21478374000F224C /* NorthEastSouthWest.app */ = {isa = PBXFileReference; explicitFileType = wrapper.application; includeInIndex = 0; path = NorthEastSouthWest.app; sourceTree = BUILT_PRODUCTS_DIR; };
		D0A1E37E21478374000F224C /* AppDelegate.swift */ = {isa = PBXFileReference; lastKnownFileType = sourcecode.swift; path = AppDelegate.swift; sourceTree = "<group>"; };
		D0A1E38021478374000F224C /* ViewController.swift */ = {isa = PBXFileReference; lastKnownFileType = sourcecode.swift; path = ViewController.swift; sourceTree = "<group>"; };
		D0A1E38321478374000F224C /* Base */ = {isa = PBXFileReference; lastKnownFileType = file.storyboard; name = Base; path = Base.lproj/Main.storyboard; sourceTree = "<group>"; };
		D0A1E38621478374000F224C /* NorthEastSouthWest.xcdatamodel */ = {isa = PBXFileReference; lastKnownFileType = wrapper.xcdatamodel; path = NorthEastSouthWest.xcdatamodel; sourceTree = "<group>"; };
		D0A1E38821478375000F224C /* Assets.xcassets */ = {isa = PBXFileReference; lastKnownFileType = folder.assetcatalog; path = Assets.xcassets; sourceTree = "<group>"; };
		D0A1E38B21478375000F224C /* Base */ = {isa = PBXFileReference; lastKnownFileType = file.storyboard; name = Base; path = Base.lproj/LaunchScreen.storyboard; sourceTree = "<group>"; };
		D0A1E38D21478375000F224C /* Info.plist */ = {isa = PBXFileReference; lastKnownFileType = text.plist.xml; path = Info.plist; sourceTree = "<group>"; };
		D0A1E3932147849B000F224C /* SecondVC.swift */ = {isa = PBXFileReference; lastKnownFileType = sourcecode.swift; path = SecondVC.swift; sourceTree = "<group>"; };
/* End PBXFileReference section */

/* Begin PBXFrameworksBuildPhase section */
		D0A1E37821478374000F224C /* Frameworks */ = {
			isa = PBXFrameworksBuildPhase;
			buildActionMask = 2147483647;
			files = (
			);
			runOnlyForDeploymentPostprocessing = 0;
		};
/* End PBXFrameworksBuildPhase section */

/* Begin PBXGroup section */
		D0A1E37221478374000F224C = {
			isa = PBXGroup;
			children = (
				D0A1E37D21478374000F224C /* NorthEastSouthWest */,
				D0A1E37C21478374000F224C /* Products */,
			);
			sourceTree = "<group>";
		};
		D0A1E37C21478374000F224C /* Products */ = {
			isa = PBXGroup;
			children = (
				D0A1E37B21478374000F224C /* NorthEastSouthWest.app */,
			);
			name = Products;
			sourceTree = "<group>";
		};
		D0A1E37D21478374000F224C /* NorthEastSouthWest */ = {
			isa = PBXGroup;
			children = (
				D0A1E37E21478374000F224C /* AppDelegate.swift */,
				D0A1E38021478374000F224C /* ViewController.swift */,
				D0A1E3932147849B000F224C /* SecondVC.swift */,
				D0A1E38221478374000F224C /* Main.storyboard */,
				D0A1E38821478375000F224C /* Assets.xcassets */,
				D0A1E38A21478375000F224C /* LaunchScreen.storyboard */,
				D0A1E38D21478375000F224C /* Info.plist */,
				D0A1E38521478374000F224C /* NorthEastSouthWest.xcdatamodeld */,
			);
			path = NorthEastSouthWest;
			sourceTree = "<group>";
		};
/* End PBXGroup section */

/* Begin PBXNativeTarget section */
		D0A1E37A21478374000F224C /* NorthEastSouthWest */ = {
			isa = PBXNativeTarget;
			buildConfigurationList = D0A1E39021478375000F224C /* Build configuration list for PBXNativeTarget "NorthEastSouthWest" */;
			buildPhases = (
				D0A1E37721478374000F224C /* Sources */,
				D0A1E37821478374000F224C /* Frameworks */,
				D0A1E37921478374000F224C /* Resources */,
			);
			buildRules = (
			);
			dependencies = (
			);
			name = NorthEastSouthWest;
			productName = NorthEastSouthWest;
			productReference = D0A1E37B21478374000F224C /* NorthEastSouthWest.app */;
			productType = "com.apple.product-type.application";
		};
/* End PBXNativeTarget section */

/* Begin PBXProject section */
		D0A1E37321478374000F224C /* Project object */ = {
			isa = PBXProject;
			attributes = {
				LastSwiftUpdateCheck = 0940;
				LastUpgradeCheck = 0940;
				ORGANIZATIONNAME = "Amanda Demetrio";
				TargetAttributes = {
					D0A1E37A21478374000F224C = {
						CreatedOnToolsVersion = 9.4.1;
					};
				};
			};
			buildConfigurationList = D0A1E37621478374000F224C /* Build configuration list for PBXProject "NorthEastSouthWest" */;
			compatibilityVersion = "Xcode 9.3";
			developmentRegion = en;
			hasScannedForEncodings = 0;
			knownRegions = (
				en,
				Base,
			);
			mainGroup = D0A1E37221478374000F224C;
			productRefGroup = D0A1E37C21478374000F224C /* Products */;
			projectDirPath = "";
			projectRoot = "";
			targets = (
				D0A1E37A21478374000F224C /* NorthEastSouthWest */,
			);
		};
/* End PBXProject section */

/* Begin PBXResourcesBuildPhase section */
		D0A1E37921478374000F224C /* Resources */ = {
			isa = PBXResourcesBuildPhase;
			buildActionMask = 2147483647;
			files = (
				D0A1E38C21478375000F224C /* LaunchScreen.storyboard in Resources */,
				D0A1E38921478375000F224C /* Assets.xcassets in Resources */,
				D0A1E38421478374000F224C /* Main.storyboard in Resources */,
			);
			runOnlyForDeploymentPostprocessing = 0;
		};
/* End PBXResourcesBuildPhase section */

/* Begin PBXSourcesBuildPhase section */
		D0A1E37721478374000F224C /* Sources */ = {
			isa = PBXSourcesBuildPhase;
			buildActionMask = 2147483647;
			files = (
				D0A1E38721478374000F224C /* NorthEastSouthWest.xcdatamodeld in Sources */,
				D0A1E38121478374000F224C /* ViewController.swift in Sources */,
				D0A1E3942147849B000F224C /* SecondVC.swift in Sources */,
				D0A1E37F21478374000F224C /* AppDelegate.swift in Sources */,
			);
			runOnlyForDeploymentPostprocessing = 0;
		};
/* End PBXSourcesBuildPhase section */

/* Begin PBXVariantGroup section */
		D0A1E38221478374000F224C /* Main.storyboard */ = {
			isa = PBXVariantGroup;
			children = (
				D0A1E38321478374000F224C /* Base */,
			);
			name = Main.storyboard;
			sourceTree = "<group>";
		};
		D0A1E38A21478375000F224C /* LaunchScreen.storyboard */ = {
			isa = PBXVariantGroup;
			children = (
				D0A1E38B21478375000F224C /* Base */,
			);
			name = LaunchScreen.storyboard;
			sourceTree = "<group>";
		};
/* End PBXVariantGroup section */

/* Begin XCBuildConfiguration section */
		D0A1E38E21478375000F224C /* Debug */ = {
			isa = XCBuildConfiguration;
			buildSettings = {
				ALWAYS_SEARCH_USER_PATHS = NO;
				CLANG_ANALYZER_NONNULL = YES;
				CLANG_ANALYZER_NUMBER_OBJECT_CONVERSION = YES_AGGRESSIVE;
				CLANG_CXX_LANGUAGE_STANDARD = "gnu++14";
				CLANG_CXX_LIBRARY = "libc++";
				CLANG_ENABLE_MODULES = YES;
				CLANG_ENABLE_OBJC_ARC = YES;
				CLANG_ENABLE_OBJC_WEAK = YES;
				CLANG_WARN_BLOCK_CAPTURE_AUTORELEASING = YES;
				CLANG_WARN_BOOL_CONVERSION = YES;
				CLANG_WARN_COMMA = YES;
				CLANG_WARN_CONSTANT_CONVERSION = YES;
				CLANG_WARN_DEPRECATED_OBJC_IMPLEMENTATIONS = YES;
				CLANG_WARN_DIRECT_OBJC_ISA_USAGE = YES_ERROR;
				CLANG_WARN_DOCUMENTATION_COMMENTS = YES;
				CLANG_WARN_EMPTY_BODY = YES;
				CLANG_WARN_ENUM_CONVERSION = YES;
				CLANG_WARN_INFINITE_RECURSION = YES;
				CLANG_WARN_INT_CONVERSION = YES;
				CLANG_WARN_NON_LITERAL_NULL_CONVERSION = YES;
				CLANG_WARN_OBJC_IMPLICIT_RETAIN_SELF = YES;
				CLANG_WARN_OBJC_LITERAL_CONVERSION = YES;
				CLANG_WARN_OBJC_ROOT_CLASS = YES_ERROR;
				CLANG_WARN_RANGE_LOOP_ANALYSIS = YES;
				CLANG_WARN_STRICT_PROTOTYPES = YES;
				CLANG_WARN_SUSPICIOUS_MOVE = YES;
				CLANG_WARN_UNGUARDED_AVAILABILITY = YES_AGGRESSIVE;
				CLANG_WARN_UNREACHABLE_CODE = YES;
				CLANG_WARN__DUPLICATE_METHOD_MATCH = YES;
				CODE_SIGN_IDENTITY = "iPhone Developer";
				COPY_PHASE_STRIP = NO;
				DEBUG_INFORMATION_FORMAT = dwarf;
				ENABLE_STRICT_OBJC_MSGSEND = YES;
				ENABLE_TESTABILITY = YES;
				GCC_C_LANGUAGE_STANDARD = gnu11;
				GCC_DYNAMIC_NO_PIC = NO;
				GCC_NO_COMMON_BLOCKS = YES;
				GCC_OPTIMIZATION_LEVEL = 0;
				GCC_PREPROCESSOR_DEFINITIONS = (
					"DEBUG=1",
					"$(inherited)",
				);
				GCC_WARN_64_TO_32_BIT_CONVERSION = YES;
				GCC_WARN_ABOUT_RETURN_TYPE = YES_ERROR;
				GCC_WARN_UNDECLARED_SELECTOR = YES;
				GCC_WARN_UNINITIALIZED_AUTOS = YES_AGGRESSIVE;
				GCC_WARN_UNUSED_FUNCTION = YES;
				GCC_WARN_UNUSED_VARIABLE = YES;
				IPHONEOS_DEPLOYMENT_TARGET = 11.4;
				MTL_ENABLE_DEBUG_INFO = YES;
				ONLY_ACTIVE_ARCH = YES;
				SDKROOT = iphoneos;
				SWIFT_ACTIVE_COMPILATION_CONDITIONS = DEBUG;
				SWIFT_OPTIMIZATION_LEVEL = "-Onone";
			};
			name = Debug;
		};
		D0A1E38F21478375000F224C /* Release */ = {
			isa = XCBuildConfiguration;
			buildSettings = {
				ALWAYS_SEARCH_USER_PATHS = NO;
				CLANG_ANALYZER_NONNULL = YES;
				CLANG_ANALYZER_NUMBER_OBJECT_CONVERSION = YES_AGGRESSIVE;
				CLANG_CXX_LANGUAGE_STANDARD = "gnu++14";
				CLANG_CXX_LIBRARY = "libc++";
				CLANG_ENABLE_MODULES = YES;
				CLANG_ENABLE_OBJC_ARC = YES;
				CLANG_ENABLE_OBJC_WEAK = YES;
				CLANG_WARN_BLOCK_CAPTURE_AUTORELEASING = YES;
				CLANG_WARN_BOOL_CONVERSION = YES;
				CLANG_WARN_COMMA = YES;
				CLANG_WARN_CONSTANT_CONVERSION = YES;
				CLANG_WARN_DEPRECATED_OBJC_IMPLEMENTATIONS = YES;
				CLANG_WARN_DIRECT_OBJC_ISA_USAGE = YES_ERROR;
				CLANG_WARN_DOCUMENTATION_COMMENTS = YES;
				CLANG_WARN_EMPTY_BODY = YES;
				CLANG_WARN_ENUM_CONVERSION = YES;
				CLANG_WARN_INFINITE_RECURSION = YES;
				CLANG_WARN_INT_CONVERSION = YES;
				CLANG_WARN_NON_LITERAL_NULL_CONVERSION = YES;
				CLANG_WARN_OBJC_IMPLICIT_RETAIN_SELF = YES;
				CLANG_WARN_OBJC_LITERAL_CONVERSION = YES;
				CLANG_WARN_OBJC_ROOT_CLASS = YES_ERROR;
				CLANG_WARN_RANGE_LOOP_ANALYSIS = YES;
				CLANG_WARN_STRICT_PROTOTYPES = YES;
				CLANG_WARN_SUSPICIOUS_MOVE = YES;
				CLANG_WARN_UNGUARDED_AVAILABILITY = YES_AGGRESSIVE;
				CLANG_WARN_UNREACHABLE_CODE = YES;
				CLANG_WARN__DUPLICATE_METHOD_MATCH = YES;
				CODE_SIGN_IDENTITY = "iPhone Developer";
				COPY_PHASE_STRIP = NO;
				DEBUG_INFORMATION_FORMAT = "dwarf-with-dsym";
				ENABLE_NS_ASSERTIONS = NO;
				ENABLE_STRICT_OBJC_MSGSEND = YES;
				GCC_C_LANGUAGE_STANDARD = gnu11;
				GCC_NO_COMMON_BLOCKS = YES;
				GCC_WARN_64_TO_32_BIT_CONVERSION = YES;
				GCC_WARN_ABOUT_RETURN_TYPE = YES_ERROR;
				GCC_WARN_UNDECLARED_SELECTOR = YES;
				GCC_WARN_UNINITIALIZED_AUTOS = YES_AGGRESSIVE;
				GCC_WARN_UNUSED_FUNCTION = YES;
				GCC_WARN_UNUSED_VARIABLE = YES;
				IPHONEOS_DEPLOYMENT_TARGET = 11.4;
				MTL_ENABLE_DEBUG_INFO = NO;
				SDKROOT = iphoneos;
				SWIFT_COMPILATION_MODE = wholemodule;
				SWIFT_OPTIMIZATION_LEVEL = "-O";
				VALIDATE_PRODUCT = YES;
			};
			name = Release;
		};
		D0A1E39121478375000F224C /* Debug */ = {
			isa = XCBuildConfiguration;
			buildSettings = {
				ASSETCATALOG_COMPILER_APPICON_NAME = AppIcon;
				CODE_SIGN_STYLE = Automatic;
				DEVELOPMENT_TEAM = Y3JS8H9524;
				INFOPLIST_FILE = NorthEastSouthWest/Info.plist;
				LD_RUNPATH_SEARCH_PATHS = (
					"$(inherited)",
					"@executable_path/Frameworks",
				);
				PRODUCT_BUNDLE_IDENTIFIER = com.amandademetrio.NorthEastSouthWest;
				PRODUCT_NAME = "$(TARGET_NAME)";
				SWIFT_VERSION = 4.0;
				TARGETED_DEVICE_FAMILY = "1,2";
			};
			name = Debug;
		};
		D0A1E39221478375000F224C /* Release */ = {
			isa = XCBuildConfiguration;
			buildSettings = {
				ASSETCATALOG_COMPILER_APPICON_NAME = AppIcon;
				CODE_SIGN_STYLE = Automatic;
				DEVELOPMENT_TEAM = Y3JS8H9524;
				INFOPLIST_FILE = NorthEastSouthWest/Info.plist;
				LD_RUNPATH_SEARCH_PATHS = (
					"$(inherited)",
					"@executable_path/Frameworks",
				);
				PRODUCT_BUNDLE_IDENTIFIER = com.amandademetrio.NorthEastSouthWest;
				PRODUCT_NAME = "$(TARGET_NAME)";
				SWIFT_VERSION = 4.0;
				TARGETED_DEVICE_FAMILY = "1,2";
			};
			name = Release;
		};
/* End XCBuildConfiguration section */

/* Begin XCConfigurationList section */
		D0A1E37621478374000F224C /* Build configuration list for PBXProject "NorthEastSouthWest" */ = {
			isa = XCConfigurationList;
			buildConfigurations = (
				D0A1E38E21478375000F224C /* Debug */,
				D0A1E38F21478375000F224C /* Release */,
			);
			defaultConfigurationIsVisible = 0;
			defaultConfigurationName = Release;
		};
		D0A1E39021478375000F224C /* Build configuration list for PBXNativeTarget "NorthEastSouthWest" */ = {
			isa = XCConfigurationList;
			buildConfigurations = (
				D0A1E39121478375000F224C /* Debug */,
				D0A1E39221478375000F224C /* Release */,
			);
			defaultConfigurationIsVisible = 0;
			defaultConfigurationName = Release;
		};
/* End XCConfigurationList section */

/* Begin XCVersionGroup section */
		D0A1E38521478374000F224C /* NorthEastSouthWest.xcdatamodeld */ = {
			isa = XCVersionGroup;
			children = (
				D0A1E38621478374000F224C /* NorthEastSouthWest.xcdatamodel */,
			);
			currentVersion = D0A1E38621478374000F224C /* NorthEastSouthWest.xcdatamodel */;
			path = NorthEastSouthWest.xcdatamodeld;
			sourceTree = "<group>";
			versionGroupType = wrapper.xcdatamodel;
		};
/* End XCVersionGroup section */
	};
	rootObject = D0A1E37321478374000F224C /* Project object */;
}
